
Microsoft Visual Studio Solution File, Format Version 12.00
# Visual Studio Version 17
VisualStudioVersion = 17.8.34309.116
MinimumVisualStudioVersion = 10.0.40219.1
Project("{FAE04EC0-301F-11D3-BF4B-00C04F79EFBC}") = "NrstoSpokenWords", "NrstoSpokenWords\NrstoSpokenWords.csproj", "{C8B6405B-23B1-4AAA-972C-FB6DEE14804F}"
EndProject
Global
	GlobalSection(SolutionConfigurationPlatforms) = preSolution
		Debug|Any CPU = Debug|Any CPU
		Release|Any CPU = Release|Any CPU
	EndGlobalSection
	GlobalSection(ProjectConfigurationPlatforms) = postSolution
		{C8B6405B-23B1-4AAA-972C-FB6DEE14804F}.Debug|Any CPU.ActiveCfg = Debug|Any CPU
		{C8B6405B-23B1-4AAA-972C-FB6DEE14804F}.Debug|Any CPU.Build.0 = Debug|Any CPU
		{C8B6405B-23B1-4AAA-972C-FB6DEE14804F}.Release|Any CPU.ActiveCfg = Release|Any CPU
		{C8B6405B-23B1-4AAA-972C-FB6DEE14804F}.Release|Any CPU.Build.0 = Release|Any CPU
	EndGlobalSection
	GlobalSection(SolutionProperties) = preSolution
		HideSolutionNode = FALSE
	EndGlobalSection
	GlobalSection(ExtensibilityGlobals) = postSolution
		SolutionGuid = {2732E162-2AFB-4238-A667-69FC5E87CB74}
	EndGlobalSection
EndGlobal
